
Microsoft Visual Studio Solution File, Format Version 12.00
# Visual Studio 15
VisualStudioVersion = 15.0.28010.2046
MinimumVisualStudioVersion = 10.0.40219.1
Project("{FAE04EC0-301F-11D3-BF4B-00C04F79EFBC}") = "MobileAppProject.Android", "MobileAppProject\MobileAppProject.Android\MobileAppProject.Android.csproj", "{924C3C5B-F3F1-4554-A33E-61F58B88C954}"
EndProject
Project("{FAE04EC0-301F-11D3-BF4B-00C04F79EFBC}") = "MobileAppProject.iOS", "MobileAppProject\MobileAppProject.iOS\MobileAppProject.iOS.csproj", "{FF78BE23-D163-402D-B235-C144A4FCC606}"
EndProject
Project("{FAE04EC0-301F-11D3-BF4B-00C04F79EFBC}") = "MobileAppProject.UWP", "MobileAppProject\MobileAppProject.UWP\MobileAppProject.UWP.csproj", "{26B42100-5726-4512-A239-333B49139802}"
EndProject
Project("{FAE04EC0-301F-11D3-BF4B-00C04F79EFBC}") = "MobileAppProject", "MobileAppProject\MobileAppProject\MobileAppProject.csproj", "{C350A7C9-23B5-4BC6-BE90-9D53FAF6F29A}"
EndProject
Global
	GlobalSection(SolutionConfigurationPlatforms) = preSolution
		Ad-Hoc|Any CPU = Ad-Hoc|Any CPU
		Ad-Hoc|ARM = Ad-Hoc|ARM
		Ad-Hoc|iPhone = Ad-Hoc|iPhone
		Ad-Hoc|iPhoneSimulator = Ad-Hoc|iPhoneSimulator
		Ad-Hoc|x64 = Ad-Hoc|x64
		Ad-Hoc|x86 = Ad-Hoc|x86
		AppStore|Any CPU = AppStore|Any CPU
		AppStore|ARM = AppStore|ARM
		AppStore|iPhone = AppStore|iPhone
		AppStore|iPhoneSimulator = AppStore|iPhoneSimulator
		AppStore|x64 = AppStore|x64
		AppStore|x86 = AppStore|x86
		Debug|Any CPU = Debug|Any CPU
		Debug|ARM = Debug|ARM
		Debug|iPhone = Debug|iPhone
		Debug|iPhoneSimulator = Debug|iPhoneSimulator
		Debug|x64 = Debug|x64
		Debug|x86 = Debug|x86
		Release|Any CPU = Release|Any CPU
		Release|ARM = Release|ARM
		Release|iPhone = Release|iPhone
		Release|iPhoneSimulator = Release|iPhoneSimulator
		Release|x64 = Release|x64
		Release|x86 = Release|x86
	EndGlobalSection
	GlobalSection(ProjectConfigurationPlatforms) = postSolution
		{924C3C5B-F3F1-4554-A33E-61F58B88C954}.Ad-Hoc|Any CPU.ActiveCfg = Release|Any CPU
		{924C3C5B-F3F1-4554-A33E-61F58B88C954}.Ad-Hoc|Any CPU.Build.0 = Release|Any CPU
		{924C3C5B-F3F1-4554-A33E-61F58B88C954}.Ad-Hoc|Any CPU.Deploy.0 = Release|Any CPU
		{924C3C5B-F3F1-4554-A33E-61F58B88C954}.Ad-Hoc|ARM.ActiveCfg = Release|Any CPU
		{924C3C5B-F3F1-4554-A33E-61F58B88C954}.Ad-Hoc|ARM.Build.0 = Release|Any CPU
		{924C3C5B-F3F1-4554-A33E-61F58B88C954}.Ad-Hoc|ARM.Deploy.0 = Release|Any CPU
		{924C3C5B-F3F1-4554-A33E-61F58B88C954}.Ad-Hoc|iPhone.ActiveCfg = Release|Any CPU
		{924C3C5B-F3F1-4554-A33E-61F58B88C954}.Ad-Hoc|iPhone.Build.0 = Release|Any CPU
		{924C3C5B-F3F1-4554-A33E-61F58B88C954}.Ad-Hoc|iPhone.Deploy.0 = Release|Any CPU
		{924C3C5B-F3F1-4554-A33E-61F58B88C954}.Ad-Hoc|iPhoneSimulator.ActiveCfg = Release|Any CPU
		{924C3C5B-F3F1-4554-A33E-61F58B88C954}.Ad-Hoc|iPhoneSimulator.Build.0 = Release|Any CPU
		{924C3C5B-F3F1-4554-A33E-61F58B88C954}.Ad-Hoc|iPhoneSimulator.Deploy.0 = Release|Any CPU
		{924C3C5B-F3F1-4554-A33E-61F58B88C954}.Ad-Hoc|x64.ActiveCfg = Release|Any CPU
		{924C3C5B-F3F1-4554-A33E-61F58B88C954}.Ad-Hoc|x64.Build.0 = Release|Any CPU
		{924C3C5B-F3F1-4554-A33E-61F58B88C954}.Ad-Hoc|x64.Deploy.0 = Release|Any CPU
		{924C3C5B-F3F1-4554-A33E-61F58B88C954}.Ad-Hoc|x86.ActiveCfg = Release|Any CPU
		{924C3C5B-F3F1-4554-A33E-61F58B88C954}.Ad-Hoc|x86.Build.0 = Release|Any CPU
		{924C3C5B-F3F1-4554-A33E-61F58B88C954}.Ad-Hoc|x86.Deploy.0 = Release|Any CPU
		{924C3C5B-F3F1-4554-A33E-61F58B88C954}.AppStore|Any CPU.ActiveCfg = Release|Any CPU
		{924C3C5B-F3F1-4554-A33E-61F58B88C954}.AppStore|Any CPU.Build.0 = Release|Any CPU
		{924C3C5B-F3F1-4554-A33E-61F58B88C954}.AppStore|Any CPU.Deploy.0 = Release|Any CPU
		{924C3C5B-F3F1-4554-A33E-61F58B88C954}.AppStore|ARM.ActiveCfg = Release|Any CPU
		{924C3C5B-F3F1-4554-A33E-61F58B88C954}.AppStore|ARM.Build.0 = Release|Any CPU
		{924C3C5B-F3F1-4554-A33E-61F58B88C954}.AppStore|ARM.Deploy.0 = Release|Any CPU
		{924C3C5B-F3F1-4554-A33E-61F58B88C954}.AppStore|iPhone.ActiveCfg = Release|Any CPU
		{924C3C5B-F3F1-4554-A33E-61F58B88C954}.AppStore|iPhone.Build.0 = Release|Any CPU
		{924C3C5B-F3F1-4554-A33E-61F58B88C954}.AppStore|iPhone.Deploy.0 = Release|Any CPU
		{924C3C5B-F3F1-4554-A33E-61F58B88C954}.AppStore|iPhoneSimulator.ActiveCfg = Release|Any CPU
		{924C3C5B-F3F1-4554-A33E-61F58B88C954}.AppStore|iPhoneSimulator.Build.0 = Release|Any CPU
		{924C3C5B-F3F1-4554-A33E-61F58B88C954}.AppStore|iPhoneSimulator.Deploy.0 = Release|Any CPU
		{924C3C5B-F3F1-4554-A33E-61F58B88C954}.AppStore|x64.ActiveCfg = Release|Any CPU
		{924C3C5B-F3F1-4554-A33E-61F58B88C954}.AppStore|x64.Build.0 = Release|Any CPU
		{924C3C5B-F3F1-4554-A33E-61F58B88C954}.AppStore|x64.Deploy.0 = Release|Any CPU
		{924C3C5B-F3F1-4554-A33E-61F58B88C954}.AppStore|x86.ActiveCfg = Release|Any CPU
		{924C3C5B-F3F1-4554-A33E-61F58B88C954}.AppStore|x86.Build.0 = Release|Any CPU
		{924C3C5B-F3F1-4554-A33E-61F58B88C954}.AppStore|x86.Deploy.0 = Release|Any CPU
		{924C3C5B-F3F1-4554-A33E-61F58B88C954}.Debug|Any CPU.ActiveCfg = Debug|Any CPU
		{924C3C5B-F3F1-4554-A33E-61F58B88C954}.Debug|Any CPU.Build.0 = Debug|Any CPU
		{924C3C5B-F3F1-4554-A33E-61F58B88C954}.Debug|Any CPU.Deploy.0 = Debug|Any CPU
		{924C3C5B-F3F1-4554-A33E-61F58B88C954}.Debug|ARM.ActiveCfg = Debug|Any CPU
		{924C3C5B-F3F1-4554-A33E-61F58B88C954}.Debug|ARM.Build.0 = Debug|Any CPU
		{924C3C5B-F3F1-4554-A33E-61F58B88C954}.Debug|ARM.Deploy.0 = Debug|Any CPU
		{924C3C5B-F3F1-4554-A33E-61F58B88C954}.Debug|iPhone.ActiveCfg = Debug|Any CPU
		{924C3C5B-F3F1-4554-A33E-61F58B88C954}.Debug|iPhone.Build.0 = Debug|Any CPU
		{924C3C5B-F3F1-4554-A33E-61F58B88C954}.Debug|iPhone.Deploy.0 = Debug|Any CPU
		{924C3C5B-F3F1-4554-A33E-61F58B88C954}.Debug|iPhoneSimulator.ActiveCfg = Debug|Any CPU
		{924C3C5B-F3F1-4554-A33E-61F58B88C954}.Debug|iPhoneSimulator.Build.0 = Debug|Any CPU
		{924C3C5B-F3F1-4554-A33E-61F58B88C954}.Debug|iPhoneSimulator.Deploy.0 = Debug|Any CPU
		{924C3C5B-F3F1-4554-A33E-61F58B88C954}.Debug|x64.ActiveCfg = Debug|Any CPU
		{924C3C5B-F3F1-4554-A33E-61F58B88C954}.Debug|x64.Build.0 = Debug|Any CPU
		{924C3C5B-F3F1-4554-A33E-61F58B88C954}.Debug|x64.Deploy.0 = Debug|Any CPU
		{924C3C5B-F3F1-4554-A33E-61F58B88C954}.Debug|x86.ActiveCfg = Debug|Any CPU
		{924C3C5B-F3F1-4554-A33E-61F58B88C954}.Debug|x86.Build.0 = Debug|Any CPU
		{924C3C5B-F3F1-4554-A33E-61F58B88C954}.Debug|x86.Deploy.0 = Debug|Any CPU
		{924C3C5B-F3F1-4554-A33E-61F58B88C954}.Release|Any CPU.ActiveCfg = Release|Any CPU
		{924C3C5B-F3F1-4554-A33E-61F58B88C954}.Release|Any CPU.Build.0 = Release|Any CPU
		{924C3C5B-F3F1-4554-A33E-61F58B88C954}.Release|Any CPU.Deploy.0 = Release|Any CPU
		{924C3C5B-F3F1-4554-A33E-61F58B88C954}.Release|ARM.ActiveCfg = Release|Any CPU
		{924C3C5B-F3F1-4554-A33E-61F58B88C954}.Release|ARM.Build.0 = Release|Any CPU
		{924C3C5B-F3F1-4554-A33E-61F58B88C954}.Release|ARM.Deploy.0 = Release|Any CPU
		{924C3C5B-F3F1-4554-A33E-61F58B88C954}.Release|iPhone.ActiveCfg = Release|Any CPU
		{924C3C5B-F3F1-4554-A33E-61F58B88C954}.Release|iPhone.Build.0 = Release|Any CPU
		{924C3C5B-F3F1-4554-A33E-61F58B88C954}.Release|iPhone.Deploy.0 = Release|Any CPU
		{924C3C5B-F3F1-4554-A33E-61F58B88C954}.Release|iPhoneSimulator.ActiveCfg = Release|Any CPU
		{924C3C5B-F3F1-4554-A33E-61F58B88C954}.Release|iPhoneSimulator.Build.0 = Release|Any CPU
		{924C3C5B-F3F1-4554-A33E-61F58B88C954}.Release|iPhoneSimulator.Deploy.0 = Release|Any CPU
		{924C3C5B-F3F1-4554-A33E-61F58B88C954}.Release|x64.ActiveCfg = Release|Any CPU
		{924C3C5B-F3F1-4554-A33E-61F58B88C954}.Release|x64.Build.0 = Release|Any CPU
		{924C3C5B-F3F1-4554-A33E-61F58B88C954}.Release|x64.Deploy.0 = Release|Any CPU
		{924C3C5B-F3F1-4554-A33E-61F58B88C954}.Release|x86.ActiveCfg = Release|Any CPU
		{924C3C5B-F3F1-4554-A33E-61F58B88C954}.Release|x86.Build.0 = Release|Any CPU
		{924C3C5B-F3F1-4554-A33E-61F58B88C954}.Release|x86.Deploy.0 = Release|Any CPU
		{FF78BE23-D163-402D-B235-C144A4FCC606}.Ad-Hoc|Any CPU.ActiveCfg = Ad-Hoc|iPhone
		{FF78BE23-D163-402D-B235-C144A4FCC606}.Ad-Hoc|Any CPU.Build.0 = Ad-Hoc|iPhone
		{FF78BE23-D163-402D-B235-C144A4FCC606}.Ad-Hoc|Any CPU.Deploy.0 = Ad-Hoc|iPhone
		{FF78BE23-D163-402D-B235-C144A4FCC606}.Ad-Hoc|ARM.ActiveCfg = Ad-Hoc|iPhone
		{FF78BE23-D163-402D-B235-C144A4FCC606}.Ad-Hoc|ARM.Build.0 = Ad-Hoc|iPhone
		{FF78BE23-D163-402D-B235-C144A4FCC606}.Ad-Hoc|ARM.Deploy.0 = Ad-Hoc|iPhone
		{FF78BE23-D163-402D-B235-C144A4FCC606}.Ad-Hoc|iPhone.ActiveCfg = Ad-Hoc|iPhone
		{FF78BE23-D163-402D-B235-C144A4FCC606}.Ad-Hoc|iPhone.Build.0 = Ad-Hoc|iPhone
		{FF78BE23-D163-402D-B235-C144A4FCC606}.Ad-Hoc|iPhone.Deploy.0 = Ad-Hoc|iPhone
		{FF78BE23-D163-402D-B235-C144A4FCC606}.Ad-Hoc|iPhoneSimulator.ActiveCfg = Ad-Hoc|iPhoneSimulator
		{FF78BE23-D163-402D-B235-C144A4FCC606}.Ad-Hoc|iPhoneSimulator.Build.0 = Ad-Hoc|iPhoneSimulator
		{FF78BE23-D163-402D-B235-C144A4FCC606}.Ad-Hoc|iPhoneSimulator.Deploy.0 = Ad-Hoc|iPhoneSimulator
		{FF78BE23-D163-402D-B235-C144A4FCC606}.Ad-Hoc|x64.ActiveCfg = Ad-Hoc|iPhone
		{FF78BE23-D163-402D-B235-C144A4FCC606}.Ad-Hoc|x64.Build.0 = Ad-Hoc|iPhone
		{FF78BE23-D163-402D-B235-C144A4FCC606}.Ad-Hoc|x64.Deploy.0 = Ad-Hoc|iPhone
		{FF78BE23-D163-402D-B235-C144A4FCC606}.Ad-Hoc|x86.ActiveCfg = Ad-Hoc|iPhone
		{FF78BE23-D163-402D-B235-C144A4FCC606}.Ad-Hoc|x86.Build.0 = Ad-Hoc|iPhone
		{FF78BE23-D163-402D-B235-C144A4FCC606}.Ad-Hoc|x86.Deploy.0 = Ad-Hoc|iPhone
		{FF78BE23-D163-402D-B235-C144A4FCC606}.AppStore|Any CPU.ActiveCfg = AppStore|iPhone
		{FF78BE23-D163-402D-B235-C144A4FCC606}.AppStore|Any CPU.Build.0 = AppStore|iPhone
		{FF78BE23-D163-402D-B235-C144A4FCC606}.AppStore|Any CPU.Deploy.0 = AppStore|iPhone
		{FF78BE23-D163-402D-B235-C144A4FCC606}.AppStore|ARM.ActiveCfg = AppStore|iPhone
		{FF78BE23-D163-402D-B235-C144A4FCC606}.AppStore|ARM.Build.0 = AppStore|iPhone
		{FF78BE23-D163-402D-B235-C144A4FCC606}.AppStore|ARM.Deploy.0 = AppStore|iPhone
		{FF78BE23-D163-402D-B235-C144A4FCC606}.AppStore|iPhone.ActiveCfg = AppStore|iPhone
		{FF78BE23-D163-402D-B235-C144A4FCC606}.AppStore|iPhone.Build.0 = AppStore|iPhone
		{FF78BE23-D163-402D-B235-C144A4FCC606}.AppStore|iPhone.Deploy.0 = AppStore|iPhone
		{FF78BE23-D163-402D-B235-C144A4FCC606}.AppStore|iPhoneSimulator.ActiveCfg = AppStore|iPhoneSimulator
		{FF78BE23-D163-402D-B235-C144A4FCC606}.AppStore|iPhoneSimulator.Build.0 = AppStore|iPhoneSimulator
		{FF78BE23-D163-402D-B235-C144A4FCC606}.AppStore|iPhoneSimulator.Deploy.0 = AppStore|iPhoneSimulator
		{FF78BE23-D163-402D-B235-C144A4FCC606}.AppStore|x64.ActiveCfg = AppStore|iPhone
		{FF78BE23-D163-402D-B235-C144A4FCC606}.AppStore|x64.Build.0 = AppStore|iPhone
		{FF78BE23-D163-402D-B235-C144A4FCC606}.AppStore|x64.Deploy.0 = AppStore|iPhone
		{FF78BE23-D163-402D-B235-C144A4FCC606}.AppStore|x86.ActiveCfg = AppStore|iPhone
		{FF78BE23-D163-402D-B235-C144A4FCC606}.AppStore|x86.Build.0 = AppStore|iPhone
		{FF78BE23-D163-402D-B235-C144A4FCC606}.AppStore|x86.Deploy.0 = AppStore|iPhone
		{FF78BE23-D163-402D-B235-C144A4FCC606}.Debug|Any CPU.ActiveCfg = Debug|iPhoneSimulator
		{FF78BE23-D163-402D-B235-C144A4FCC606}.Debug|Any CPU.Build.0 = Debug|iPhoneSimulator
		{FF78BE23-D163-402D-B235-C144A4FCC606}.Debug|Any CPU.Deploy.0 = Debug|iPhoneSimulator
		{FF78BE23-D163-402D-B235-C144A4FCC606}.Debug|ARM.ActiveCfg = Debug|iPhone
		{FF78BE23-D163-402D-B235-C144A4FCC606}.Debug|ARM.Build.0 = Debug|iPhone
		{FF78BE23-D163-402D-B235-C144A4FCC606}.Debug|ARM.Deploy.0 = Debug|iPhone
		{FF78BE23-D163-402D-B235-C144A4FCC606}.Debug|iPhone.ActiveCfg = Debug|iPhone
		{FF78BE23-D163-402D-B235-C144A4FCC606}.Debug|iPhone.Build.0 = Debug|iPhone
		{FF78BE23-D163-402D-B235-C144A4FCC606}.Debug|iPhone.Deploy.0 = Debug|iPhone
		{FF78BE23-D163-402D-B235-C144A4FCC606}.Debug|iPhoneSimulator.ActiveCfg = Debug|iPhoneSimulator
		{FF78BE23-D163-402D-B235-C144A4FCC606}.Debug|iPhoneSimulator.Build.0 = Debug|iPhoneSimulator
		{FF78BE23-D163-402D-B235-C144A4FCC606}.Debug|iPhoneSimulator.Deploy.0 = Debug|iPhoneSimulator
		{FF78BE23-D163-402D-B235-C144A4FCC606}.Debug|x64.ActiveCfg = Debug|iPhone
		{FF78BE23-D163-402D-B235-C144A4FCC606}.Debug|x64.Build.0 = Debug|iPhone
		{FF78BE23-D163-402D-B235-C144A4FCC606}.Debug|x64.Deploy.0 = Debug|iPhone
		{FF78BE23-D163-402D-B235-C144A4FCC606}.Debug|x86.ActiveCfg = Debug|iPhone
		{FF78BE23-D163-402D-B235-C144A4FCC606}.Debug|x86.Build.0 = Debug|iPhone
		{FF78BE23-D163-402D-B235-C144A4FCC606}.Debug|x86.Deploy.0 = Debug|iPhone
		{FF78BE23-D163-402D-B235-C144A4FCC606}.Release|Any CPU.ActiveCfg = Release|iPhone
		{FF78BE23-D163-402D-B235-C144A4FCC606}.Release|Any CPU.Build.0 = Release|iPhone
		{FF78BE23-D163-402D-B235-C144A4FCC606}.Release|Any CPU.Deploy.0 = Release|iPhone
		{FF78BE23-D163-402D-B235-C144A4FCC606}.Release|ARM.ActiveCfg = Release|iPhone
		{FF78BE23-D163-402D-B235-C144A4FCC606}.Release|ARM.Build.0 = Release|iPhone
		{FF78BE23-D163-402D-B235-C144A4FCC606}.Release|ARM.Deploy.0 = Release|iPhone
		{FF78BE23-D163-402D-B235-C144A4FCC606}.Release|iPhone.ActiveCfg = Release|iPhone
		{FF78BE23-D163-402D-B235-C144A4FCC606}.Release|iPhone.Build.0 = Release|iPhone
		{FF78BE23-D163-402D-B235-C144A4FCC606}.Release|iPhone.Deploy.0 = Release|iPhone
		{FF78BE23-D163-402D-B235-C144A4FCC606}.Release|iPhoneSimulator.ActiveCfg = Release|iPhoneSimulator
		{FF78BE23-D163-402D-B235-C144A4FCC606}.Release|iPhoneSimulator.Build.0 = Release|iPhoneSimulator
		{FF78BE23-D163-402D-B235-C144A4FCC606}.Release|iPhoneSimulator.Deploy.0 = Release|iPhoneSimulator
		{FF78BE23-D163-402D-B235-C144A4FCC606}.Release|x64.ActiveCfg = Release|iPhone
		{FF78BE23-D163-402D-B235-C144A4FCC606}.Release|x64.Build.0 = Release|iPhone
		{FF78BE23-D163-402D-B235-C144A4FCC606}.Release|x64.Deploy.0 = Release|iPhone
		{FF78BE23-D163-402D-B235-C144A4FCC606}.Release|x86.ActiveCfg = Release|iPhone
		{FF78BE23-D163-402D-B235-C144A4FCC606}.Release|x86.Build.0 = Release|iPhone
		{FF78BE23-D163-402D-B235-C144A4FCC606}.Release|x86.Deploy.0 = Release|iPhone
		{26B42100-5726-4512-A239-333B49139802}.Ad-Hoc|Any CPU.ActiveCfg = Release|x86
		{26B42100-5726-4512-A239-333B49139802}.Ad-Hoc|Any CPU.Build.0 = Release|x86
		{26B42100-5726-4512-A239-333B49139802}.Ad-Hoc|Any CPU.Deploy.0 = Release|x86
		{26B42100-5726-4512-A239-333B49139802}.Ad-Hoc|ARM.ActiveCfg = Release|ARM
		{26B42100-5726-4512-A239-333B49139802}.Ad-Hoc|ARM.Build.0 = Release|ARM
		{26B42100-5726-4512-A239-333B49139802}.Ad-Hoc|ARM.Deploy.0 = Release|ARM
		{26B42100-5726-4512-A239-333B49139802}.Ad-Hoc|iPhone.ActiveCfg = Release|x86
		{26B42100-5726-4512-A239-333B49139802}.Ad-Hoc|iPhone.Build.0 = Release|x86
		{26B42100-5726-4512-A239-333B49139802}.Ad-Hoc|iPhone.Deploy.0 = Release|x86
		{26B42100-5726-4512-A239-333B49139802}.Ad-Hoc|iPhoneSimulator.ActiveCfg = Release|x86
		{26B42100-5726-4512-A239-333B49139802}.Ad-Hoc|iPhoneSimulator.Build.0 = Release|x86
		{26B42100-5726-4512-A239-333B49139802}.Ad-Hoc|iPhoneSimulator.Deploy.0 = Release|x86
		{26B42100-5726-4512-A239-333B49139802}.Ad-Hoc|x64.ActiveCfg = Release|x64
		{26B42100-5726-4512-A239-333B49139802}.Ad-Hoc|x64.Build.0 = Release|x64
		{26B42100-5726-4512-A239-333B49139802}.Ad-Hoc|x64.Deploy.0 = Release|x64
		{26B42100-5726-4512-A239-333B49139802}.Ad-Hoc|x86.ActiveCfg = Release|x86
		{26B42100-5726-4512-A239-333B49139802}.Ad-Hoc|x86.Build.0 = Release|x86
		{26B42100-5726-4512-A239-333B49139802}.Ad-Hoc|x86.Deploy.0 = Release|x86
		{26B42100-5726-4512-A239-333B49139802}.AppStore|Any CPU.ActiveCfg = Release|x86
		{26B42100-5726-4512-A239-333B49139802}.AppStore|Any CPU.Build.0 = Release|x86
		{26B42100-5726-4512-A239-333B49139802}.AppStore|Any CPU.Deploy.0 = Release|x86
		{26B42100-5726-4512-A239-333B49139802}.AppStore|ARM.ActiveCfg = Release|ARM
		{26B42100-5726-4512-A239-333B49139802}.AppStore|ARM.Build.0 = Release|ARM
		{26B42100-5726-4512-A239-333B49139802}.AppStore|ARM.Deploy.0 = Release|ARM
		{26B42100-5726-4512-A239-333B49139802}.AppStore|iPhone.ActiveCfg = Release|x86
		{26B42100-5726-4512-A239-333B49139802}.AppStore|iPhone.Build.0 = Release|x86
		{26B42100-5726-4512-A239-333B49139802}.AppStore|iPhone.Deploy.0 = Release|x86
		{26B42100-5726-4512-A239-333B49139802}.AppStore|iPhoneSimulator.ActiveCfg = Release|x86
		{26B42100-5726-4512-A239-333B49139802}.AppStore|iPhoneSimulator.Build.0 = Release|x86
		{26B42100-5726-4512-A239-333B49139802}.AppStore|iPhoneSimulator.Deploy.0 = Release|x86
		{26B42100-5726-4512-A239-333B49139802}.AppStore|x64.ActiveCfg = Release|x64
		{26B42100-5726-4512-A239-333B49139802}.AppStore|x64.Build.0 = Release|x64
		{26B42100-5726-4512-A239-333B49139802}.AppStore|x64.Deploy.0 = Release|x64
		{26B42100-5726-4512-A239-333B49139802}.AppStore|x86.ActiveCfg = Release|x86
		{26B42100-5726-4512-A239-333B49139802}.AppStore|x86.Build.0 = Release|x86
		{26B42100-5726-4512-A239-333B49139802}.AppStore|x86.Deploy.0 = Release|x86
		{26B42100-5726-4512-A239-333B49139802}.Debug|Any CPU.ActiveCfg = Debug|x86
		{26B42100-5726-4512-A239-333B49139802}.Debug|Any CPU.Build.0 = Debug|x86
		{26B42100-5726-4512-A239-333B49139802}.Debug|Any CPU.Deploy.0 = Debug|x86
		{26B42100-5726-4512-A239-333B49139802}.Debug|ARM.ActiveCfg = Debug|ARM
		{26B42100-5726-4512-A239-333B49139802}.Debug|ARM.Build.0 = Debug|ARM
		{26B42100-5726-4512-A239-333B49139802}.Debug|ARM.Deploy.0 = Debug|ARM
		{26B42100-5726-4512-A239-333B49139802}.Debug|iPhone.ActiveCfg = Debug|x86
		{26B42100-5726-4512-A239-333B49139802}.Debug|iPhone.Build.0 = Debug|x86
		{26B42100-5726-4512-A239-333B49139802}.Debug|iPhone.Deploy.0 = Debug|x86
		{26B42100-5726-4512-A239-333B49139802}.Debug|iPhoneSimulator.ActiveCfg = Debug|x86
		{26B42100-5726-4512-A239-333B49139802}.Debug|iPhoneSimulator.Build.0 = Debug|x86
		{26B42100-5726-4512-A239-333B49139802}.Debug|iPhoneSimulator.Deploy.0 = Debug|x86
		{26B42100-5726-4512-A239-333B49139802}.Debug|x64.ActiveCfg = Debug|x64
		{26B42100-5726-4512-A239-333B49139802}.Debug|x64.Build.0 = Debug|x64
		{26B42100-5726-4512-A239-333B49139802}.Debug|x64.Deploy.0 = Debug|x64
		{26B42100-5726-4512-A239-333B49139802}.Debug|x86.ActiveCfg = Debug|x86
		{26B42100-5726-4512-A239-333B49139802}.Debug|x86.Build.0 = Debug|x86
		{26B42100-5726-4512-A239-333B49139802}.Debug|x86.Deploy.0 = Debug|x86
		{26B42100-5726-4512-A239-333B49139802}.Release|Any CPU.ActiveCfg = Release|x86
		{26B42100-5726-4512-A239-333B49139802}.Release|Any CPU.Build.0 = Release|x86
		{26B42100-5726-4512-A239-333B49139802}.Release|Any CPU.Deploy.0 = Release|x86
		{26B42100-5726-4512-A239-333B49139802}.Release|ARM.ActiveCfg = Release|ARM
		{26B42100-5726-4512-A239-333B49139802}.Release|ARM.Build.0 = Release|ARM
		{26B42100-5726-4512-A239-333B49139802}.Release|ARM.Deploy.0 = Release|ARM
		{26B42100-5726-4512-A239-333B49139802}.Release|iPhone.ActiveCfg = Release|x86
		{26B42100-5726-4512-A239-333B49139802}.Release|iPhone.Build.0 = Release|x86
		{26B42100-5726-4512-A239-333B49139802}.Release|iPhone.Deploy.0 = Release|x86
		{26B42100-5726-4512-A239-333B49139802}.Release|iPhoneSimulator.ActiveCfg = Release|x86
		{26B42100-5726-4512-A239-333B49139802}.Release|iPhoneSimulator.Build.0 = Release|x86
		{26B42100-5726-4512-A239-333B49139802}.Release|iPhoneSimulator.Deploy.0 = Release|x86
		{26B42100-5726-4512-A239-333B49139802}.Release|x64.ActiveCfg = Release|x64
		{26B42100-5726-4512-A239-333B49139802}.Release|x64.Build.0 = Release|x64
		{26B42100-5726-4512-A239-333B49139802}.Release|x64.Deploy.0 = Release|x64
		{26B42100-5726-4512-A239-333B49139802}.Release|x86.ActiveCfg = Release|x86
		{26B42100-5726-4512-A239-333B49139802}.Release|x86.Build.0 = Release|x86
		{26B42100-5726-4512-A239-333B49139802}.Release|x86.Deploy.0 = Release|x86
		{C350A7C9-23B5-4BC6-BE90-9D53FAF6F29A}.Ad-Hoc|Any CPU.ActiveCfg = Debug|Any CPU
		{C350A7C9-23B5-4BC6-BE90-9D53FAF6F29A}.Ad-Hoc|Any CPU.Build.0 = Debug|Any CPU
		{C350A7C9-23B5-4BC6-BE90-9D53FAF6F29A}.Ad-Hoc|Any CPU.Deploy.0 = Debug|Any CPU
		{C350A7C9-23B5-4BC6-BE90-9D53FAF6F29A}.Ad-Hoc|ARM.ActiveCfg = Debug|Any CPU
		{C350A7C9-23B5-4BC6-BE90-9D53FAF6F29A}.Ad-Hoc|ARM.Build.0 = Debug|Any CPU
		{C350A7C9-23B5-4BC6-BE90-9D53FAF6F29A}.Ad-Hoc|ARM.Deploy.0 = Debug|Any CPU
		{C350A7C9-23B5-4BC6-BE90-9D53FAF6F29A}.Ad-Hoc|iPhone.ActiveCfg = Debug|Any CPU
		{C350A7C9-23B5-4BC6-BE90-9D53FAF6F29A}.Ad-Hoc|iPhone.Build.0 = Debug|Any CPU
		{C350A7C9-23B5-4BC6-BE90-9D53FAF6F29A}.Ad-Hoc|iPhone.Deploy.0 = Debug|Any CPU
		{C350A7C9-23B5-4BC6-BE90-9D53FAF6F29A}.Ad-Hoc|iPhoneSimulator.ActiveCfg = Debug|Any CPU
		{C350A7C9-23B5-4BC6-BE90-9D53FAF6F29A}.Ad-Hoc|iPhoneSimulator.Build.0 = Debug|Any CPU
		{C350A7C9-23B5-4BC6-BE90-9D53FAF6F29A}.Ad-Hoc|iPhoneSimulator.Deploy.0 = Debug|Any CPU
		{C350A7C9-23B5-4BC6-BE90-9D53FAF6F29A}.Ad-Hoc|x64.ActiveCfg = Debug|Any CPU
		{C350A7C9-23B5-4BC6-BE90-9D53FAF6F29A}.Ad-Hoc|x64.Build.0 = Debug|Any CPU
		{C350A7C9-23B5-4BC6-BE90-9D53FAF6F29A}.Ad-Hoc|x64.Deploy.0 = Debug|Any CPU
		{C350A7C9-23B5-4BC6-BE90-9D53FAF6F29A}.Ad-Hoc|x86.ActiveCfg = Debug|Any CPU
		{C350A7C9-23B5-4BC6-BE90-9D53FAF6F29A}.Ad-Hoc|x86.Build.0 = Debug|Any CPU
		{C350A7C9-23B5-4BC6-BE90-9D53FAF6F29A}.Ad-Hoc|x86.Deploy.0 = Debug|Any CPU
		{C350A7C9-23B5-4BC6-BE90-9D53FAF6F29A}.AppStore|Any CPU.ActiveCfg = Debug|Any CPU
		{C350A7C9-23B5-4BC6-BE90-9D53FAF6F29A}.AppStore|Any CPU.Build.0 = Debug|Any CPU
		{C350A7C9-23B5-4BC6-BE90-9D53FAF6F29A}.AppStore|Any CPU.Deploy.0 = Debug|Any CPU
		{C350A7C9-23B5-4BC6-BE90-9D53FAF6F29A}.AppStore|ARM.ActiveCfg = Debug|Any CPU
		{C350A7C9-23B5-4BC6-BE90-9D53FAF6F29A}.AppStore|ARM.Build.0 = Debug|Any CPU
		{C350A7C9-23B5-4BC6-BE90-9D53FAF6F29A}.AppStore|ARM.Deploy.0 = Debug|Any CPU
		{C350A7C9-23B5-4BC6-BE90-9D53FAF6F29A}.AppStore|iPhone.ActiveCfg = Debug|Any CPU
		{C350A7C9-23B5-4BC6-BE90-9D53FAF6F29A}.AppStore|iPhone.Build.0 = Debug|Any CPU
		{C350A7C9-23B5-4BC6-BE90-9D53FAF6F29A}.AppStore|iPhone.Deploy.0 = Debug|Any CPU
		{C350A7C9-23B5-4BC6-BE90-9D53FAF6F29A}.AppStore|iPhoneSimulator.ActiveCfg = Debug|Any CPU
		{C350A7C9-23B5-4BC6-BE90-9D53FAF6F29A}.AppStore|iPhoneSimulator.Build.0 = Debug|Any CPU
		{C350A7C9-23B5-4BC6-BE90-9D53FAF6F29A}.AppStore|iPhoneSimulator.Deploy.0 = Debug|Any CPU
		{C350A7C9-23B5-4BC6-BE90-9D53FAF6F29A}.AppStore|x64.ActiveCfg = Debug|Any CPU
		{C350A7C9-23B5-4BC6-BE90-9D53FAF6F29A}.AppStore|x64.Build.0 = Debug|Any CPU
		{C350A7C9-23B5-4BC6-BE90-9D53FAF6F29A}.AppStore|x64.Deploy.0 = Debug|Any CPU
		{C350A7C9-23B5-4BC6-BE90-9D53FAF6F29A}.AppStore|x86.ActiveCfg = Debug|Any CPU
		{C350A7C9-23B5-4BC6-BE90-9D53FAF6F29A}.AppStore|x86.Build.0 = Debug|Any CPU
		{C350A7C9-23B5-4BC6-BE90-9D53FAF6F29A}.AppStore|x86.Deploy.0 = Debug|Any CPU
		{C350A7C9-23B5-4BC6-BE90-9D53FAF6F29A}.Debug|Any CPU.ActiveCfg = Debug|Any CPU
		{C350A7C9-23B5-4BC6-BE90-9D53FAF6F29A}.Debug|Any CPU.Build.0 = Debug|Any CPU
		{C350A7C9-23B5-4BC6-BE90-9D53FAF6F29A}.Debug|Any CPU.Deploy.0 = Debug|Any CPU
		{C350A7C9-23B5-4BC6-BE90-9D53FAF6F29A}.Debug|ARM.ActiveCfg = Debug|Any CPU
		{C350A7C9-23B5-4BC6-BE90-9D53FAF6F29A}.Debug|ARM.Build.0 = Debug|Any CPU
		{C350A7C9-23B5-4BC6-BE90-9D53FAF6F29A}.Debug|ARM.Deploy.0 = Debug|Any CPU
		{C350A7C9-23B5-4BC6-BE90-9D53FAF6F29A}.Debug|iPhone.ActiveCfg = Debug|Any CPU
		{C350A7C9-23B5-4BC6-BE90-9D53FAF6F29A}.Debug|iPhone.Build.0 = Debug|Any CPU
		{C350A7C9-23B5-4BC6-BE90-9D53FAF6F29A}.Debug|iPhone.Deploy.0 = Debug|Any CPU
		{C350A7C9-23B5-4BC6-BE90-9D53FAF6F29A}.Debug|iPhoneSimulator.ActiveCfg = Debug|Any CPU
		{C350A7C9-23B5-4BC6-BE90-9D53FAF6F29A}.Debug|iPhoneSimulator.Build.0 = Debug|Any CPU
		{C350A7C9-23B5-4BC6-BE90-9D53FAF6F29A}.Debug|iPhoneSimulator.Deploy.0 = Debug|Any CPU
		{C350A7C9-23B5-4BC6-BE90-9D53FAF6F29A}.Debug|x64.ActiveCfg = Debug|Any CPU
		{C350A7C9-23B5-4BC6-BE90-9D53FAF6F29A}.Debug|x64.Build.0 = Debug|Any CPU
		{C350A7C9-23B5-4BC6-BE90-9D53FAF6F29A}.Debug|x64.Deploy.0 = Debug|Any CPU
		{C350A7C9-23B5-4BC6-BE90-9D53FAF6F29A}.Debug|x86.ActiveCfg = Debug|Any CPU
		{C350A7C9-23B5-4BC6-BE90-9D53FAF6F29A}.Debug|x86.Build.0 = Debug|Any CPU
		{C350A7C9-23B5-4BC6-BE90-9D53FAF6F29A}.Debug|x86.Deploy.0 = Debug|Any CPU
		{C350A7C9-23B5-4BC6-BE90-9D53FAF6F29A}.Release|Any CPU.ActiveCfg = Release|Any CPU
		{C350A7C9-23B5-4BC6-BE90-9D53FAF6F29A}.Release|Any CPU.Build.0 = Release|Any CPU
		{C350A7C9-23B5-4BC6-BE90-9D53FAF6F29A}.Release|Any CPU.Deploy.0 = Release|Any CPU
		{C350A7C9-23B5-4BC6-BE90-9D53FAF6F29A}.Release|ARM.ActiveCfg = Release|Any CPU
		{C350A7C9-23B5-4BC6-BE90-9D53FAF6F29A}.Release|ARM.Build.0 = Release|Any CPU
		{C350A7C9-23B5-4BC6-BE90-9D53FAF6F29A}.Release|ARM.Deploy.0 = Release|Any CPU
		{C350A7C9-23B5-4BC6-BE90-9D53FAF6F29A}.Release|iPhone.ActiveCfg = Release|Any CPU
		{C350A7C9-23B5-4BC6-BE90-9D53FAF6F29A}.Release|iPhone.Build.0 = Release|Any CPU
		{C350A7C9-23B5-4BC6-BE90-9D53FAF6F29A}.Release|iPhone.Deploy.0 = Release|Any CPU
		{C350A7C9-23B5-4BC6-BE90-9D53FAF6F29A}.Release|iPhoneSimulator.ActiveCfg = Release|Any CPU
		{C350A7C9-23B5-4BC6-BE90-9D53FAF6F29A}.Release|iPhoneSimulator.Build.0 = Release|Any CPU
		{C350A7C9-23B5-4BC6-BE90-9D53FAF6F29A}.Release|iPhoneSimulator.Deploy.0 = Release|Any CPU
		{C350A7C9-23B5-4BC6-BE90-9D53FAF6F29A}.Release|x64.ActiveCfg = Release|Any CPU
		{C350A7C9-23B5-4BC6-BE90-9D53FAF6F29A}.Release|x64.Build.0 = Release|Any CPU
		{C350A7C9-23B5-4BC6-BE90-9D53FAF6F29A}.Release|x64.Deploy.0 = Release|Any CPU
		{C350A7C9-23B5-4BC6-BE90-9D53FAF6F29A}.Release|x86.ActiveCfg = Release|Any CPU
		{C350A7C9-23B5-4BC6-BE90-9D53FAF6F29A}.Release|x86.Build.0 = Release|Any CPU
		{C350A7C9-23B5-4BC6-BE90-9D53FAF6F29A}.Release|x86.Deploy.0 = Release|Any CPU
	EndGlobalSection
	GlobalSection(SolutionProperties) = preSolution
		HideSolutionNode = FALSE
	EndGlobalSection
	GlobalSection(ExtensibilityGlobals) = postSolution
		SolutionGuid = {AE4B82D3-F27C-4E2C-B093-7A40BD04ADC5}
	EndGlobalSection
EndGlobal
